// !$*UTF8*$!
{
	archiveVersion = 1;
	classes = {
	};
	objectVersion = 77;
	objects = {

/* Begin PBXContainerItemProxy section */
		8B08EDF72E998E6C00A656DC /* PBXContainerItemProxy */ = {
			isa = PBXContainerItemProxy;
			containerPortal = 8B08EDD22E998E6A00A656DC /* Project object */;
			proxyType = 1;
			remoteGlobalIDString = 8B08EDD92E998E6A00A656DC;
			remoteInfo = PlanRadarWeather;
		};
		8BB274202E9CFA6B0047133A /* PBXContainerItemProxy */ = {
			isa = PBXContainerItemProxy;
			containerPortal = 8B08EDD22E998E6A00A656DC /* Project object */;
			proxyType = 1;
			remoteGlobalIDString = 8B08EDD92E998E6A00A656DC;
			remoteInfo = PlanRadarWeather;
		};
/* End PBXContainerItemProxy section */

/* Begin PBXFileReference section */
		8B08EDDA2E998E6A00A656DC /* PlanRadarWeather.app */ = {isa = PBXFileReference; explicitFileType = wrapper.application; includeInIndex = 0; path = PlanRadarWeather.app; sourceTree = BUILT_PRODUCTS_DIR; };
		8B08EDF62E998E6C00A656DC /* PlanRadarWeatherUITests.xctest */ = {isa = PBXFileReference; explicitFileType = wrapper.cfbundle; includeInIndex = 0; path = PlanRadarWeatherUITests.xctest; sourceTree = BUILT_PRODUCTS_DIR; };
		8BB2741C2E9CFA6B0047133A /* PlanRadarWeatherTests.xctest */ = {isa = PBXFileReference; explicitFileType = wrapper.cfbundle; includeInIndex = 0; path = PlanRadarWeatherTests.xctest; sourceTree = BUILT_PRODUCTS_DIR; };
/* End PBXFileReference section */

/* Begin PBXFileSystemSynchronizedBuildFileExceptionSet section */
		8B5AE6572E9D37C200DBB5B3 /* Exceptions for "PlanRadarWeather" folder in "PlanRadarWeatherUITests" target */ = {
			isa = PBXFileSystemSynchronizedBuildFileExceptionSet;
			membershipExceptions = (
				Presentation/Support/A11yID.swift,
			);
			target = 8B08EDF52E998E6C00A656DC /* PlanRadarWeatherUITests */;
		};
		8BB274172E9CF6580047133A /* Exceptions for "PlanRadarWeather" folder in "PlanRadarWeather" target */ = {
			isa = PBXFileSystemSynchronizedBuildFileExceptionSet;
			membershipExceptions = (
				Config/Info.plist,
			);
			target = 8B08EDD92E998E6A00A656DC /* PlanRadarWeather */;
		};
/* End PBXFileSystemSynchronizedBuildFileExceptionSet section */

/* Begin PBXFileSystemSynchronizedRootGroup section */
		8B08EDDC2E998E6A00A656DC /* PlanRadarWeather */ = {
			isa = PBXFileSystemSynchronizedRootGroup;
			exceptions = (
				8BB274172E9CF6580047133A /* Exceptions for "PlanRadarWeather" folder in "PlanRadarWeather" target */,
				8B5AE6572E9D37C200DBB5B3 /* Exceptions for "PlanRadarWeather" folder in "PlanRadarWeatherUITests" target */,
			);
			path = PlanRadarWeather;
			sourceTree = "<group>";
		};
		8B08EDF92E998E6C00A656DC /* PlanRadarWeatherUITests */ = {
			isa = PBXFileSystemSynchronizedRootGroup;
			path = PlanRadarWeatherUITests;
			sourceTree = "<group>";
		};
		8B2B66A62E9BBD00007FFACD /* PlanRadarWeatherTests */ = {
			isa = PBXFileSystemSynchronizedRootGroup;
			path = PlanRadarWeatherTests;
			sourceTree = "<group>";
		};
/* End PBXFileSystemSynchronizedRootGroup section */

/* Begin PBXFrameworksBuildPhase section */
		8B08EDD72E998E6A00A656DC /* Frameworks */ = {
			isa = PBXFrameworksBuildPhase;
			buildActionMask = 2147483647;
			files = (
			);
			runOnlyForDeploymentPostprocessing = 0;
		};
		8B08EDF32E998E6C00A656DC /* Frameworks */ = {
			isa = PBXFrameworksBuildPhase;
			buildActionMask = 2147483647;
			files = (
			);
			runOnlyForDeploymentPostprocessing = 0;
		};
		8BB274192E9CFA6B0047133A /* Frameworks */ = {
			isa = PBXFrameworksBuildPhase;
			buildActionMask = 2147483647;
			files = (
			);
			runOnlyForDeploymentPostprocessing = 0;
		};
/* End PBXFrameworksBuildPhase section */

/* Begin PBXGroup section */
		8B08EDD12E998E6A00A656DC = {
			isa = PBXGroup;
			children = (
				8B08EDDC2E998E6A00A656DC /* PlanRadarWeather */,
				8B2B66A62E9BBD00007FFACD /* PlanRadarWeatherTests */,
				8B08EDF92E998E6C00A656DC /* PlanRadarWeatherUITests */,
				8B08EDDB2E998E6A00A656DC /* Products */,
			);
			sourceTree = "<group>";
		};
		8B08EDDB2E998E6A00A656DC /* Products */ = {
			isa = PBXGroup;
			children = (
				8B08EDDA2E998E6A00A656DC /* PlanRadarWeather.app */,
				8B08EDF62E998E6C00A656DC /* PlanRadarWeatherUITests.xctest */,
				8BB2741C2E9CFA6B0047133A /* PlanRadarWeatherTests.xctest */,
			);
			name = Products;
			sourceTree = "<group>";
		};
/* End PBXGroup section */

/* Begin PBXNativeTarget section */
		8B08EDD92E998E6A00A656DC /* PlanRadarWeather */ = {
			isa = PBXNativeTarget;
			buildConfigurationList = 8B08EE002E998E6C00A656DC /* Build configuration list for PBXNativeTarget "PlanRadarWeather" */;
			buildPhases = (
				8B08EDD62E998E6A00A656DC /* Sources */,
				8B08EDD72E998E6A00A656DC /* Frameworks */,
				8B08EDD82E998E6A00A656DC /* Resources */,
			);
			buildRules = (
			);
			dependencies = (
			);
			fileSystemSynchronizedGroups = (
				8B08EDDC2E998E6A00A656DC /* PlanRadarWeather */,
			);
			name = PlanRadarWeather;
			packageProductDependencies = (
			);
			productName = PlanRadarWeather;
			productReference = 8B08EDDA2E998E6A00A656DC /* PlanRadarWeather.app */;
			productType = "com.apple.product-type.application";
		};
		8B08EDF52E998E6C00A656DC /* PlanRadarWeatherUITests */ = {
			isa = PBXNativeTarget;
			buildConfigurationList = 8B08EE062E998E6C00A656DC /* Build configuration list for PBXNativeTarget "PlanRadarWeatherUITests" */;
			buildPhases = (
				8B08EDF22E998E6C00A656DC /* Sources */,
				8B08EDF32E998E6C00A656DC /* Frameworks */,
				8B08EDF42E998E6C00A656DC /* Resources */,
			);
			buildRules = (
			);
			dependencies = (
				8B08EDF82E998E6C00A656DC /* PBXTargetDependency */,
			);
			fileSystemSynchronizedGroups = (
				8B08EDF92E998E6C00A656DC /* PlanRadarWeatherUITests */,
			);
			name = PlanRadarWeatherUITests;
			packageProductDependencies = (
			);
			productName = PlanRadarWeatherUITests;
			productReference = 8B08EDF62E998E6C00A656DC /* PlanRadarWeatherUITests.xctest */;
			productType = "com.apple.product-type.bundle.ui-testing";
		};
		8BB2741B2E9CFA6B0047133A /* PlanRadarWeatherTests */ = {
			isa = PBXNativeTarget;
			buildConfigurationList = 8BB274222E9CFA6B0047133A /* Build configuration list for PBXNativeTarget "PlanRadarWeatherTests" */;
			buildPhases = (
				8BB274182E9CFA6B0047133A /* Sources */,
				8BB274192E9CFA6B0047133A /* Frameworks */,
				8BB2741A2E9CFA6B0047133A /* Resources */,
			);
			buildRules = (
			);
			dependencies = (
				8BB274212E9CFA6B0047133A /* PBXTargetDependency */,
			);
			fileSystemSynchronizedGroups = (
				8B2B66A62E9BBD00007FFACD /* PlanRadarWeatherTests */,
			);
			name = PlanRadarWeatherTests;
			packageProductDependencies = (
			);
			productName = PlanRadarWeatherTests;
			productReference = 8BB2741C2E9CFA6B0047133A /* PlanRadarWeatherTests.xctest */;
			productType = "com.apple.product-type.bundle.unit-test";
		};
/* End PBXNativeTarget section */

/* Begin PBXProject section */
		8B08EDD22E998E6A00A656DC /* Project object */ = {
			isa = PBXProject;
			attributes = {
				BuildIndependentTargetsInParallel = 1;
				LastSwiftUpdateCheck = 2600;
				LastUpgradeCheck = 2600;
				TargetAttributes = {
					8B08EDD92E998E6A00A656DC = {
						CreatedOnToolsVersion = 26.0;
						LastSwiftMigration = 2600;
					};
					8B08EDF52E998E6C00A656DC = {
						CreatedOnToolsVersion = 26.0;
						TestTargetID = 8B08EDD92E998E6A00A656DC;
					};
					8BB2741B2E9CFA6B0047133A = {
						CreatedOnToolsVersion = 26.0;
						LastSwiftMigration = 2600;
						TestTargetID = 8B08EDD92E998E6A00A656DC;
					};
				};
			};
			buildConfigurationList = 8B08EDD52E998E6A00A656DC /* Build configuration list for PBXProject "PlanRadarWeather" */;
			developmentRegion = en;
			hasScannedForEncodings = 0;
			knownRegions = (
				en,
				Base,
			);
			mainGroup = 8B08EDD12E998E6A00A656DC;
			minimizedProjectReferenceProxies = 1;
			preferredProjectObjectVersion = 77;
			productRefGroup = 8B08EDDB2E998E6A00A656DC /* Products */;
			projectDirPath = "";
			projectRoot = "";
			targets = (
				8B08EDD92E998E6A00A656DC /* PlanRadarWeather */,
				8B08EDF52E998E6C00A656DC /* PlanRadarWeatherUITests */,
				8BB2741B2E9CFA6B0047133A /* PlanRadarWeatherTests */,
			);
		};
/* End PBXProject section */

/* Begin PBXResourcesBuildPhase section */
		8B08EDD82E998E6A00A656DC /* Resources */ = {
			isa = PBXResourcesBuildPhase;
			buildActionMask = 2147483647;
			files = (
			);
			runOnlyForDeploymentPostprocessing = 0;
		};
		8B08EDF42E998E6C00A656DC /* Resources */ = {
			isa = PBXResourcesBuildPhase;
			buildActionMask = 2147483647;
			files = (
			);
			runOnlyForDeploymentPostprocessing = 0;
		};
		8BB2741A2E9CFA6B0047133A /* Resources */ = {
			isa = PBXResourcesBuildPhase;
			buildActionMask = 2147483647;
			files = (
			);
			runOnlyForDeploymentPostprocessing = 0;
		};
/* End PBXResourcesBuildPhase section */

/* Begin PBXSourcesBuildPhase section */
		8B08EDD62E998E6A00A656DC /* Sources */ = {
			isa = PBXSourcesBuildPhase;
			buildActionMask = 2147483647;
			files = (
			);
			runOnlyForDeploymentPostprocessing = 0;
		};
		8B08EDF22E998E6C00A656DC /* Sources */ = {
			isa = PBXSourcesBuildPhase;
			buildActionMask = 2147483647;
			files = (
			);
			runOnlyForDeploymentPostprocessing = 0;
		};
		8BB274182E9CFA6B0047133A /* Sources */ = {
			isa = PBXSourcesBuildPhase;
			buildActionMask = 2147483647;
			files = (
			);
			runOnlyForDeploymentPostprocessing = 0;
		};
/* End PBXSourcesBuildPhase section */

/* Begin PBXTargetDependency section */
		8B08EDF82E998E6C00A656DC /* PBXTargetDependency */ = {
			isa = PBXTargetDependency;
			target = 8B08EDD92E998E6A00A656DC /* PlanRadarWeather */;
			targetProxy = 8B08EDF72E998E6C00A656DC /* PBXContainerItemProxy */;
		};
		8BB274212E9CFA6B0047133A /* PBXTargetDependency */ = {
			isa = PBXTargetDependency;
			target = 8B08EDD92E998E6A00A656DC /* PlanRadarWeather */;
			targetProxy = 8BB274202E9CFA6B0047133A /* PBXContainerItemProxy */;
		};
/* End PBXTargetDependency section */

/* Begin XCBuildConfiguration section */
		8B08EDFE2E998E6C00A656DC /* Debug */ = {
			isa = XCBuildConfiguration;
			buildSettings = {
				ALWAYS_SEARCH_USER_PATHS = NO;
				ASSETCATALOG_COMPILER_GENERATE_SWIFT_ASSET_SYMBOL_EXTENSIONS = YES;
				CLANG_ANALYZER_NONNULL = YES;
				CLANG_ANALYZER_NUMBER_OBJECT_CONVERSION = YES_AGGRESSIVE;
				CLANG_CXX_LANGUAGE_STANDARD = "gnu++20";
				CLANG_ENABLE_MODULES = YES;
				CLANG_ENABLE_OBJC_ARC = YES;
				CLANG_ENABLE_OBJC_WEAK = YES;
				CLANG_WARN_BLOCK_CAPTURE_AUTORELEASING = YES;
				CLANG_WARN_BOOL_CONVERSION = YES;
				CLANG_WARN_COMMA = YES;
				CLANG_WARN_CONSTANT_CONVERSION = YES;
				CLANG_WARN_DEPRECATED_OBJC_IMPLEMENTATIONS = YES;
				CLANG_WARN_DIRECT_OBJC_ISA_USAGE = YES_ERROR;
				CLANG_WARN_DOCUMENTATION_COMMENTS = YES;
				CLANG_WARN_EMPTY_BODY = YES;
				CLANG_WARN_ENUM_CONVERSION = YES;
				CLANG_WARN_INFINITE_RECURSION = YES;
				CLANG_WARN_INT_CONVERSION = YES;
				CLANG_WARN_NON_LITERAL_NULL_CONVERSION = YES;
				CLANG_WARN_OBJC_IMPLICIT_RETAIN_SELF = YES;
				CLANG_WARN_OBJC_LITERAL_CONVERSION = YES;
				CLANG_WARN_OBJC_ROOT_CLASS = YES_ERROR;
				CLANG_WARN_QUOTED_INCLUDE_IN_FRAMEWORK_HEADER = YES;
				CLANG_WARN_RANGE_LOOP_ANALYSIS = YES;
				CLANG_WARN_STRICT_PROTOTYPES = YES;
				CLANG_WARN_SUSPICIOUS_MOVE = YES;
				CLANG_WARN_UNGUARDED_AVAILABILITY = YES_AGGRESSIVE;
				CLANG_WARN_UNREACHABLE_CODE = YES;
				CLANG_WARN__DUPLICATE_METHOD_MATCH = YES;
				COPY_PHASE_STRIP = NO;
				DEBUG_INFORMATION_FORMAT = dwarf;
				DEVELOPMENT_TEAM = Q9XVX6TNW7;
				ENABLE_STRICT_OBJC_MSGSEND = YES;
				ENABLE_TESTABILITY = YES;
				ENABLE_USER_SCRIPT_SANDBOXING = YES;
				GCC_C_LANGUAGE_STANDARD = gnu17;
				GCC_DYNAMIC_NO_PIC = NO;
				GCC_NO_COMMON_BLOCKS = YES;
				GCC_OPTIMIZATION_LEVEL = 0;
				GCC_PREPROCESSOR_DEFINITIONS = (
					"DEBUG=1",
					"$(inherited)",
				);
				GCC_WARN_64_TO_32_BIT_CONVERSION = YES;
				GCC_WARN_ABOUT_RETURN_TYPE = YES_ERROR;
				GCC_WARN_UNDECLARED_SELECTOR = YES;
				GCC_WARN_UNINITIALIZED_AUTOS = YES_AGGRESSIVE;
				GCC_WARN_UNUSED_FUNCTION = YES;
				GCC_WARN_UNUSED_VARIABLE = YES;
				IPHONEOS_DEPLOYMENT_TARGET = 26.0;
				LOCALIZATION_PREFERS_STRING_CATALOGS = YES;
				MTL_ENABLE_DEBUG_INFO = INCLUDE_SOURCE;
				MTL_FAST_MATH = YES;
				ONLY_ACTIVE_ARCH = YES;
				SDKROOT = iphoneos;
				SWIFT_ACTIVE_COMPILATION_CONDITIONS = "DEBUG $(inherited)";
				SWIFT_OPTIMIZATION_LEVEL = "-Onone";
			};
			name = Debug;
		};
		8B08EDFF2E998E6C00A656DC /* Release */ = {
			isa = XCBuildConfiguration;
			buildSettings = {
				ALWAYS_SEARCH_USER_PATHS = NO;
				ASSETCATALOG_COMPILER_GENERATE_SWIFT_ASSET_SYMBOL_EXTENSIONS = YES;
				CLANG_ANALYZER_NONNULL = YES;
				CLANG_ANALYZER_NUMBER_OBJECT_CONVERSION = YES_AGGRESSIVE;
				CLANG_CXX_LANGUAGE_STANDARD = "gnu++20";
				CLANG_ENABLE_MODULES = YES;
				CLANG_ENABLE_OBJC_ARC = YES;
				CLANG_ENABLE_OBJC_WEAK = YES;
				CLANG_WARN_BLOCK_CAPTURE_AUTORELEASING = YES;
				CLANG_WARN_BOOL_CONVERSION = YES;
				CLANG_WARN_COMMA = YES;
				CLANG_WARN_CONSTANT_CONVERSION = YES;
				CLANG_WARN_DEPRECATED_OBJC_IMPLEMENTATIONS = YES;
				CLANG_WARN_DIRECT_OBJC_ISA_USAGE = YES_ERROR;
				CLANG_WARN_DOCUMENTATION_COMMENTS = YES;
				CLANG_WARN_EMPTY_BODY = YES;
				CLANG_WARN_ENUM_CONVERSION = YES;
				CLANG_WARN_INFINITE_RECURSION = YES;
				CLANG_WARN_INT_CONVERSION = YES;
				CLANG_WARN_NON_LITERAL_NULL_CONVERSION = YES;
				CLANG_WARN_OBJC_IMPLICIT_RETAIN_SELF = YES;
				CLANG_WARN_OBJC_LITERAL_CONVERSION = YES;
				CLANG_WARN_OBJC_ROOT_CLASS = YES_ERROR;
				CLANG_WARN_QUOTED_INCLUDE_IN_FRAMEWORK_HEADER = YES;
				CLANG_WARN_RANGE_LOOP_ANALYSIS = YES;
				CLANG_WARN_STRICT_PROTOTYPES = YES;
				CLANG_WARN_SUSPICIOUS_MOVE = YES;
				CLANG_WARN_UNGUARDED_AVAILABILITY = YES_AGGRESSIVE;
				CLANG_WARN_UNREACHABLE_CODE = YES;
				CLANG_WARN__DUPLICATE_METHOD_MATCH = YES;
				COPY_PHASE_STRIP = NO;
				DEBUG_INFORMATION_FORMAT = "dwarf-with-dsym";
				DEVELOPMENT_TEAM = Q9XVX6TNW7;
				ENABLE_NS_ASSERTIONS = NO;
				ENABLE_STRICT_OBJC_MSGSEND = YES;
				ENABLE_USER_SCRIPT_SANDBOXING = YES;
				GCC_C_LANGUAGE_STANDARD = gnu17;
				GCC_NO_COMMON_BLOCKS = YES;
				GCC_WARN_64_TO_32_BIT_CONVERSION = YES;
				GCC_WARN_ABOUT_RETURN_TYPE = YES_ERROR;
				GCC_WARN_UNDECLARED_SELECTOR = YES;
				GCC_WARN_UNINITIALIZED_AUTOS = YES_AGGRESSIVE;
				GCC_WARN_UNUSED_FUNCTION = YES;
				GCC_WARN_UNUSED_VARIABLE = YES;
				IPHONEOS_DEPLOYMENT_TARGET = 26.0;
				LOCALIZATION_PREFERS_STRING_CATALOGS = YES;
				MTL_ENABLE_DEBUG_INFO = NO;
				MTL_FAST_MATH = YES;
				SDKROOT = iphoneos;
				SWIFT_COMPILATION_MODE = wholemodule;
				VALIDATE_PRODUCT = YES;
			};
			name = Release;
		};
		8B08EE012E998E6C00A656DC /* Debug */ = {
			isa = XCBuildConfiguration;
			buildSettings = {
				ASSETCATALOG_COMPILER_APPICON_NAME = AppIcon;
				ASSETCATALOG_COMPILER_GLOBAL_ACCENT_COLOR_NAME = AccentColor;
				CLANG_ENABLE_MODULES = YES;
				CODE_SIGN_STYLE = Automatic;
				CURRENT_PROJECT_VERSION = 1;
				DEFINES_MODULE = YES;
				DEVELOPMENT_TEAM = Q9XVX6TNW7;
				ENABLE_PREVIEWS = YES;
				GENERATE_INFOPLIST_FILE = YES;
				INFOPLIST_FILE = "$(PROJECT_DIR)/PlanRadarWeather/Config/Info.plist";
				INFOPLIST_KEY_UIApplicationSceneManifest_Generation = YES;
				INFOPLIST_KEY_UIApplicationSupportsIndirectInputEvents = YES;
				INFOPLIST_KEY_UILaunchScreen_Generation = YES;
				INFOPLIST_KEY_UISupportedInterfaceOrientations = UIInterfaceOrientationPortrait;
				LD_RUNPATH_SEARCH_PATHS = (
					"$(inherited)",
					"@executable_path/Frameworks",
				);
				MARKETING_VERSION = 1.0;
				PRODUCT_BUNDLE_IDENTIFIER = Gado.PlanRadarWeather;
				PRODUCT_NAME = "$(TARGET_NAME)";
				STRING_CATALOG_GENERATE_SYMBOLS = YES;
				SUPPORTED_PLATFORMS = "iphoneos iphonesimulator";
				SUPPORTS_MACCATALYST = NO;
				SUPPORTS_MAC_DESIGNED_FOR_IPHONE_IPAD = NO;
				SUPPORTS_XR_DESIGNED_FOR_IPHONE_IPAD = NO;
				SWIFT_APPROACHABLE_CONCURRENCY = YES;
				SWIFT_DEFAULT_ACTOR_ISOLATION = MainActor;
				SWIFT_EMIT_LOC_STRINGS = YES;
				SWIFT_OBJC_BRIDGING_HEADER = "$(PROJECT_DIR)/PlanRadarWeather/App/PlanRadarWeather-Bridging-Header.h";
				SWIFT_OPTIMIZATION_LEVEL = "-Onone";
				SWIFT_UPCOMING_FEATURE_MEMBER_IMPORT_VISIBILITY = YES;
				SWIFT_VERSION = 5.0;
				TARGETED_DEVICE_FAMILY = 1;
			};
			name = Debug;
		};
		8B08EE022E998E6C00A656DC /* Release */ = {
			isa = XCBuildConfiguration;
			buildSettings = {
				ASSETCATALOG_COMPILER_APPICON_NAME = AppIcon;
				ASSETCATALOG_COMPILER_GLOBAL_ACCENT_COLOR_NAME = AccentColor;
				CLANG_ENABLE_MODULES = YES;
				CODE_SIGN_STYLE = Automatic;
				CURRENT_PROJECT_VERSION = 1;
				DEFINES_MODULE = YES;
				DEVELOPMENT_TEAM = Q9XVX6TNW7;
				ENABLE_PREVIEWS = YES;
				ENABLE_TESTABILITY = YES;
				GENERATE_INFOPLIST_FILE = YES;
				INFOPLIST_FILE = "$(PROJECT_DIR)/PlanRadarWeather/Config/Info.plist";
				INFOPLIST_KEY_UIApplicationSceneManifest_Generation = YES;
				INFOPLIST_KEY_UIApplicationSupportsIndirectInputEvents = YES;
				INFOPLIST_KEY_UILaunchScreen_Generation = YES;
				INFOPLIST_KEY_UISupportedInterfaceOrientations = UIInterfaceOrientationPortrait;
				LD_RUNPATH_SEARCH_PATHS = (
					"$(inherited)",
					"@executable_path/Frameworks",
				);
				MARKETING_VERSION = 1.0;
				PRODUCT_BUNDLE_IDENTIFIER = Gado.PlanRadarWeather;
				PRODUCT_NAME = "$(TARGET_NAME)";
				STRING_CATALOG_GENERATE_SYMBOLS = YES;
				SUPPORTED_PLATFORMS = "iphoneos iphonesimulator";
				SUPPORTS_MACCATALYST = NO;
				SUPPORTS_MAC_DESIGNED_FOR_IPHONE_IPAD = NO;
				SUPPORTS_XR_DESIGNED_FOR_IPHONE_IPAD = NO;
				SWIFT_APPROACHABLE_CONCURRENCY = YES;
				SWIFT_DEFAULT_ACTOR_ISOLATION = MainActor;
				SWIFT_EMIT_LOC_STRINGS = YES;
				SWIFT_OBJC_BRIDGING_HEADER = "$(PROJECT_DIR)/PlanRadarWeather/App/PlanRadarWeather-Bridging-Header.h";
				SWIFT_UPCOMING_FEATURE_MEMBER_IMPORT_VISIBILITY = YES;
				SWIFT_VERSION = 5.0;
				TARGETED_DEVICE_FAMILY = 1;
			};
			name = Release;
		};
		8B08EE072E998E6C00A656DC /* Debug */ = {
			isa = XCBuildConfiguration;
			buildSettings = {
				CODE_SIGN_STYLE = Automatic;
				CURRENT_PROJECT_VERSION = 1;
				DEVELOPMENT_TEAM = Q9XVX6TNW7;
				GENERATE_INFOPLIST_FILE = YES;
				MARKETING_VERSION = 1.0;
				PRODUCT_BUNDLE_IDENTIFIER = Gado.PlanRadarWeatherUITests;
				PRODUCT_NAME = "$(TARGET_NAME)";
				PROVISIONING_PROFILE = "";
				STRING_CATALOG_GENERATE_SYMBOLS = NO;
				SWIFT_APPROACHABLE_CONCURRENCY = YES;
				SWIFT_EMIT_LOC_STRINGS = NO;
				SWIFT_UPCOMING_FEATURE_MEMBER_IMPORT_VISIBILITY = YES;
				SWIFT_VERSION = 5.0;
				TARGETED_DEVICE_FAMILY = "1,2";
				TEST_TARGET_NAME = PlanRadarWeather;
			};
			name = Debug;
		};
		8B08EE082E998E6C00A656DC /* Release */ = {
			isa = XCBuildConfiguration;
			buildSettings = {
				CODE_SIGN_STYLE = Automatic;
				CURRENT_PROJECT_VERSION = 1;
				DEVELOPMENT_TEAM = Q9XVX6TNW7;
				GENERATE_INFOPLIST_FILE = YES;
				MARKETING_VERSION = 1.0;
				PRODUCT_BUNDLE_IDENTIFIER = Gado.PlanRadarWeatherUITests;
				PRODUCT_NAME = "$(TARGET_NAME)";
				PROVISIONING_PROFILE = "";
				STRING_CATALOG_GENERATE_SYMBOLS = NO;
				SWIFT_APPROACHABLE_CONCURRENCY = YES;
				SWIFT_EMIT_LOC_STRINGS = NO;
				SWIFT_UPCOMING_FEATURE_MEMBER_IMPORT_VISIBILITY = YES;
				SWIFT_VERSION = 5.0;
				TARGETED_DEVICE_FAMILY = "1,2";
				TEST_TARGET_NAME = PlanRadarWeather;
			};
			name = Release;
		};
		8BB274232E9CFA6B0047133A /* Debug */ = {
			isa = XCBuildConfiguration;
			buildSettings = {
				BUNDLE_LOADER = "$(TEST_HOST)";
				CLANG_ENABLE_MODULES = YES;
				CODE_SIGN_STYLE = Automatic;
				CURRENT_PROJECT_VERSION = 1;
				DEVELOPMENT_TEAM = Q9XVX6TNW7;
				GENERATE_INFOPLIST_FILE = YES;
				MARKETING_VERSION = 1.0;
				PRODUCT_BUNDLE_IDENTIFIER = Gado.PlanRadarWeatherTests;
				PRODUCT_NAME = "$(TARGET_NAME)";
				STRING_CATALOG_GENERATE_SYMBOLS = NO;
				SWIFT_APPROACHABLE_CONCURRENCY = YES;
				SWIFT_EMIT_LOC_STRINGS = NO;
				SWIFT_OBJC_BRIDGING_HEADER = "";
				SWIFT_OPTIMIZATION_LEVEL = "-Onone";
				SWIFT_UPCOMING_FEATURE_MEMBER_IMPORT_VISIBILITY = YES;
				SWIFT_VERSION = 5.0;
				TARGETED_DEVICE_FAMILY = "1,2";
				TEST_HOST = "$(BUILT_PRODUCTS_DIR)/PlanRadarWeather.app/$(BUNDLE_EXECUTABLE_FOLDER_PATH)/PlanRadarWeather";
			};
			name = Debug;
		};
		8BB274242E9CFA6B0047133A /* Release */ = {
			isa = XCBuildConfiguration;
			buildSettings = {
				BUNDLE_LOADER = "$(TEST_HOST)";
				CLANG_ENABLE_MODULES = YES;
				CODE_SIGN_STYLE = Automatic;
				CURRENT_PROJECT_VERSION = 1;
				DEVELOPMENT_TEAM = Q9XVX6TNW7;
				GENERATE_INFOPLIST_FILE = YES;
				MARKETING_VERSION = 1.0;
				PRODUCT_BUNDLE_IDENTIFIER = Gado.PlanRadarWeatherTests;
				PRODUCT_NAME = "$(TARGET_NAME)";
				STRING_CATALOG_GENERATE_SYMBOLS = NO;
				SWIFT_APPROACHABLE_CONCURRENCY = YES;
				SWIFT_EMIT_LOC_STRINGS = NO;
				SWIFT_OBJC_BRIDGING_HEADER = "";
				SWIFT_UPCOMING_FEATURE_MEMBER_IMPORT_VISIBILITY = YES;
				SWIFT_VERSION = 5.0;
				TARGETED_DEVICE_FAMILY = "1,2";
				TEST_HOST = "$(BUILT_PRODUCTS_DIR)/PlanRadarWeather.app/$(BUNDLE_EXECUTABLE_FOLDER_PATH)/PlanRadarWeather";
			};
			name = Release;
		};
/* End XCBuildConfiguration section */

/* Begin XCConfigurationList section */
		8B08EDD52E998E6A00A656DC /* Build configuration list for PBXProject "PlanRadarWeather" */ = {
			isa = XCConfigurationList;
			buildConfigurations = (
				8B08EDFE2E998E6C00A656DC /* Debug */,
				8B08EDFF2E998E6C00A656DC /* Release */,
			);
			defaultConfigurationIsVisible = 0;
			defaultConfigurationName = Release;
		};
		8B08EE002E998E6C00A656DC /* Build configuration list for PBXNativeTarget "PlanRadarWeather" */ = {
			isa = XCConfigurationList;
			buildConfigurations = (
				8B08EE012E998E6C00A656DC /* Debug */,
				8B08EE022E998E6C00A656DC /* Release */,
			);
			defaultConfigurationIsVisible = 0;
			defaultConfigurationName = Release;
		};
		8B08EE062E998E6C00A656DC /* Build configuration list for PBXNativeTarget "PlanRadarWeatherUITests" */ = {
			isa = XCConfigurationList;
			buildConfigurations = (
				8B08EE072E998E6C00A656DC /* Debug */,
				8B08EE082E998E6C00A656DC /* Release */,
			);
			defaultConfigurationIsVisible = 0;
			defaultConfigurationName = Release;
		};
		8BB274222E9CFA6B0047133A /* Build configuration list for PBXNativeTarget "PlanRadarWeatherTests" */ = {
			isa = XCConfigurationList;
			buildConfigurations = (
				8BB274232E9CFA6B0047133A /* Debug */,
				8BB274242E9CFA6B0047133A /* Release */,
			);
			defaultConfigurationIsVisible = 0;
			defaultConfigurationName = Release;
		};
/* End XCConfigurationList section */
	};
	rootObject = 8B08EDD22E998E6A00A656DC /* Project object */;
}
